// !$*UTF8*$!
{
	archiveVersion = 1;
	classes = {
	};
	objectVersion = 50;
	objects = {

/* Begin PBXBuildFile section */
		4701C21B277D79290043E882 /* AppDelegate.swift in Sources */ = {isa = PBXBuildFile; fileRef = 4701C21A277D79290043E882 /* AppDelegate.swift */; };
		4701C21D277D79290043E882 /* SceneDelegate.swift in Sources */ = {isa = PBXBuildFile; fileRef = 4701C21C277D79290043E882 /* SceneDelegate.swift */; };
		4701C222277D79290043E882 /* Main.storyboard in Resources */ = {isa = PBXBuildFile; fileRef = 4701C220277D79290043E882 /* Main.storyboard */; };
		4701C225277D79290043E882 /* MyMemory.xcdatamodeld in Sources */ = {isa = PBXBuildFile; fileRef = 4701C223277D79290043E882 /* MyMemory.xcdatamodeld */; };
		4701C227277D792A0043E882 /* Assets.xcassets in Resources */ = {isa = PBXBuildFile; fileRef = 4701C226277D792A0043E882 /* Assets.xcassets */; };
		4701C22A277D792A0043E882 /* LaunchScreen.storyboard in Resources */ = {isa = PBXBuildFile; fileRef = 4701C228277D792A0043E882 /* LaunchScreen.storyboard */; };
		4701C235277D792A0043E882 /* MyMemoryTests.swift in Sources */ = {isa = PBXBuildFile; fileRef = 4701C234277D792A0043E882 /* MyMemoryTests.swift */; };
		4701C240277D792A0043E882 /* MyMemoryUITests.swift in Sources */ = {isa = PBXBuildFile; fileRef = 4701C23F277D792A0043E882 /* MyMemoryUITests.swift */; };
		47EA0BAC2782F07C002EC6AB /* MemoReadVC.swift in Sources */ = {isa = PBXBuildFile; fileRef = 47EA0BAB2782F07C002EC6AB /* MemoReadVC.swift */; };
		47EA0BB12782F0D1002EC6AB /* MemoListVC.swift in Sources */ = {isa = PBXBuildFile; fileRef = 47EA0BB02782F0D1002EC6AB /* MemoListVC.swift */; };
		47EA0BBC2782F120002EC6AB /* MemoFormVC.swift in Sources */ = {isa = PBXBuildFile; fileRef = 47EA0BBB2782F120002EC6AB /* MemoFormVC.swift */; };
		47EA0BD427832A55002EC6AB /* MemoCell.swift in Sources */ = {isa = PBXBuildFile; fileRef = 47EA0BD327832A55002EC6AB /* MemoCell.swift */; };
		47EA0BDC27832B63002EC6AB /* MemoData.swift in Sources */ = {isa = PBXBuildFile; fileRef = 47EA0BDB27832B63002EC6AB /* MemoData.swift */; };
/* End PBXBuildFile section */

/* Begin PBXContainerItemProxy section */
		4701C231277D792A0043E882 /* PBXContainerItemProxy */ = {
			isa = PBXContainerItemProxy;
			containerPortal = 4701C20F277D79290043E882 /* Project object */;
			proxyType = 1;
			remoteGlobalIDString = 4701C216277D79290043E882;
			remoteInfo = MyMemory;
		};
		4701C23C277D792A0043E882 /* PBXContainerItemProxy */ = {
			isa = PBXContainerItemProxy;
			containerPortal = 4701C20F277D79290043E882 /* Project object */;
			proxyType = 1;
			remoteGlobalIDString = 4701C216277D79290043E882;
			remoteInfo = MyMemory;
		};
/* End PBXContainerItemProxy section */

/* Begin PBXFileReference section */
		4701C217277D79290043E882 /* MyMemory.app */ = {isa = PBXFileReference; explicitFileType = wrapper.application; includeInIndex = 0; path = MyMemory.app; sourceTree = BUILT_PRODUCTS_DIR; };
		4701C21A277D79290043E882 /* AppDelegate.swift */ = {isa = PBXFileReference; lastKnownFileType = sourcecode.swift; path = AppDelegate.swift; sourceTree = "<group>"; };
		4701C21C277D79290043E882 /* SceneDelegate.swift */ = {isa = PBXFileReference; lastKnownFileType = sourcecode.swift; path = SceneDelegate.swift; sourceTree = "<group>"; };
		4701C221277D79290043E882 /* Base */ = {isa = PBXFileReference; lastKnownFileType = file.storyboard; name = Base; path = Base.lproj/Main.storyboard; sourceTree = "<group>"; };
		4701C224277D79290043E882 /* MyMemory.xcdatamodel */ = {isa = PBXFileReference; lastKnownFileType = wrapper.xcdatamodel; path = MyMemory.xcdatamodel; sourceTree = "<group>"; };
		4701C226277D792A0043E882 /* Assets.xcassets */ = {isa = PBXFileReference; lastKnownFileType = folder.assetcatalog; path = Assets.xcassets; sourceTree = "<group>"; };
		4701C229277D792A0043E882 /* Base */ = {isa = PBXFileReference; lastKnownFileType = file.storyboard; name = Base; path = Base.lproj/LaunchScreen.storyboard; sourceTree = "<group>"; };
		4701C22B277D792A0043E882 /* Info.plist */ = {isa = PBXFileReference; lastKnownFileType = text.plist.xml; path = Info.plist; sourceTree = "<group>"; };
		4701C230277D792A0043E882 /* MyMemoryTests.xctest */ = {isa = PBXFileReference; explicitFileType = wrapper.cfbundle; includeInIndex = 0; path = MyMemoryTests.xctest; sourceTree = BUILT_PRODUCTS_DIR; };
		4701C234277D792A0043E882 /* MyMemoryTests.swift */ = {isa = PBXFileReference; lastKnownFileType = sourcecode.swift; path = MyMemoryTests.swift; sourceTree = "<group>"; };
		4701C236277D792A0043E882 /* Info.plist */ = {isa = PBXFileReference; lastKnownFileType = text.plist.xml; path = Info.plist; sourceTree = "<group>"; };
		4701C23B277D792A0043E882 /* MyMemoryUITests.xctest */ = {isa = PBXFileReference; explicitFileType = wrapper.cfbundle; includeInIndex = 0; path = MyMemoryUITests.xctest; sourceTree = BUILT_PRODUCTS_DIR; };
		4701C23F277D792A0043E882 /* MyMemoryUITests.swift */ = {isa = PBXFileReference; lastKnownFileType = sourcecode.swift; path = MyMemoryUITests.swift; sourceTree = "<group>"; };
		4701C241277D792A0043E882 /* Info.plist */ = {isa = PBXFileReference; lastKnownFileType = text.plist.xml; path = Info.plist; sourceTree = "<group>"; };
		47EA0BAB2782F07C002EC6AB /* MemoReadVC.swift */ = {isa = PBXFileReference; lastKnownFileType = sourcecode.swift; path = MemoReadVC.swift; sourceTree = "<group>"; };
		47EA0BB02782F0D1002EC6AB /* MemoListVC.swift */ = {isa = PBXFileReference; lastKnownFileType = sourcecode.swift; path = MemoListVC.swift; sourceTree = "<group>"; };
		47EA0BBB2782F120002EC6AB /* MemoFormVC.swift */ = {isa = PBXFileReference; lastKnownFileType = sourcecode.swift; path = MemoFormVC.swift; sourceTree = "<group>"; };
		47EA0BD327832A55002EC6AB /* MemoCell.swift */ = {isa = PBXFileReference; lastKnownFileType = sourcecode.swift; path = MemoCell.swift; sourceTree = "<group>"; };
		47EA0BDB27832B63002EC6AB /* MemoData.swift */ = {isa = PBXFileReference; lastKnownFileType = sourcecode.swift; path = MemoData.swift; sourceTree = "<group>"; };
/* End PBXFileReference section */

/* Begin PBXFrameworksBuildPhase section */
		4701C214277D79290043E882 /* Frameworks */ = {
			isa = PBXFrameworksBuildPhase;
			buildActionMask = 2147483647;
			files = (
			);
			runOnlyForDeploymentPostprocessing = 0;
		};
		4701C22D277D792A0043E882 /* Frameworks */ = {
			isa = PBXFrameworksBuildPhase;
			buildActionMask = 2147483647;
			files = (
			);
			runOnlyForDeploymentPostprocessing = 0;
		};
		4701C238277D792A0043E882 /* Frameworks */ = {
			isa = PBXFrameworksBuildPhase;
			buildActionMask = 2147483647;
			files = (
			);
			runOnlyForDeploymentPostprocessing = 0;
		};
/* End PBXFrameworksBuildPhase section */

/* Begin PBXGroup section */
		4701C20E277D79290043E882 = {
			isa = PBXGroup;
			children = (
				4701C219277D79290043E882 /* MyMemory */,
				4701C233277D792A0043E882 /* MyMemoryTests */,
				4701C23E277D792A0043E882 /* MyMemoryUITests */,
				4701C218277D79290043E882 /* Products */,
			);
			sourceTree = "<group>";
		};
		4701C218277D79290043E882 /* Products */ = {
			isa = PBXGroup;
			children = (
				4701C217277D79290043E882 /* MyMemory.app */,
				4701C230277D792A0043E882 /* MyMemoryTests.xctest */,
				4701C23B277D792A0043E882 /* MyMemoryUITests.xctest */,
			);
			name = Products;
			sourceTree = "<group>";
		};
		4701C219277D79290043E882 /* MyMemory */ = {
			isa = PBXGroup;
			children = (
				4701C21A277D79290043E882 /* AppDelegate.swift */,
				4701C21C277D79290043E882 /* SceneDelegate.swift */,
				4701C220277D79290043E882 /* Main.storyboard */,
				47EA0BAB2782F07C002EC6AB /* MemoReadVC.swift */,
				47EA0BBB2782F120002EC6AB /* MemoFormVC.swift */,
				47EA0BB02782F0D1002EC6AB /* MemoListVC.swift */,
				47EA0BD327832A55002EC6AB /* MemoCell.swift */,
				47EA0BDB27832B63002EC6AB /* MemoData.swift */,
				4701C226277D792A0043E882 /* Assets.xcassets */,
				4701C228277D792A0043E882 /* LaunchScreen.storyboard */,
				4701C22B277D792A0043E882 /* Info.plist */,
				4701C223277D79290043E882 /* MyMemory.xcdatamodeld */,
			);
			path = MyMemory;
			sourceTree = "<group>";
		};
		4701C233277D792A0043E882 /* MyMemoryTests */ = {
			isa = PBXGroup;
			children = (
				4701C234277D792A0043E882 /* MyMemoryTests.swift */,
				4701C236277D792A0043E882 /* Info.plist */,
			);
			path = MyMemoryTests;
			sourceTree = "<group>";
		};
		4701C23E277D792A0043E882 /* MyMemoryUITests */ = {
			isa = PBXGroup;
			children = (
				4701C23F277D792A0043E882 /* MyMemoryUITests.swift */,
				4701C241277D792A0043E882 /* Info.plist */,
			);
			path = MyMemoryUITests;
			sourceTree = "<group>";
		};
/* End PBXGroup section */

/* Begin PBXNativeTarget section */
		4701C216277D79290043E882 /* MyMemory */ = {
			isa = PBXNativeTarget;
			buildConfigurationList = 4701C244277D792A0043E882 /* Build configuration list for PBXNativeTarget "MyMemory" */;
			buildPhases = (
				4701C213277D79290043E882 /* Sources */,
				4701C214277D79290043E882 /* Frameworks */,
				4701C215277D79290043E882 /* Resources */,
			);
			buildRules = (
			);
			dependencies = (
			);
			name = MyMemory;
			productName = MyMemory;
			productReference = 4701C217277D79290043E882 /* MyMemory.app */;
			productType = "com.apple.product-type.application";
		};
		4701C22F277D792A0043E882 /* MyMemoryTests */ = {
			isa = PBXNativeTarget;
			buildConfigurationList = 4701C247277D792A0043E882 /* Build configuration list for PBXNativeTarget "MyMemoryTests" */;
			buildPhases = (
				4701C22C277D792A0043E882 /* Sources */,
				4701C22D277D792A0043E882 /* Frameworks */,
				4701C22E277D792A0043E882 /* Resources */,
			);
			buildRules = (
			);
			dependencies = (
				4701C232277D792A0043E882 /* PBXTargetDependency */,
			);
			name = MyMemoryTests;
			productName = MyMemoryTests;
			productReference = 4701C230277D792A0043E882 /* MyMemoryTests.xctest */;
			productType = "com.apple.product-type.bundle.unit-test";
		};
		4701C23A277D792A0043E882 /* MyMemoryUITests */ = {
			isa = PBXNativeTarget;
			buildConfigurationList = 4701C24A277D792A0043E882 /* Build configuration list for PBXNativeTarget "MyMemoryUITests" */;
			buildPhases = (
				4701C237277D792A0043E882 /* Sources */,
				4701C238277D792A0043E882 /* Frameworks */,
				4701C239277D792A0043E882 /* Resources */,
			);
			buildRules = (
			);
			dependencies = (
				4701C23D277D792A0043E882 /* PBXTargetDependency */,
			);
			name = MyMemoryUITests;
			productName = MyMemoryUITests;
			productReference = 4701C23B277D792A0043E882 /* MyMemoryUITests.xctest */;
			productType = "com.apple.product-type.bundle.ui-testing";
		};
/* End PBXNativeTarget section */

/* Begin PBXProject section */
		4701C20F277D79290043E882 /* Project object */ = {
			isa = PBXProject;
			attributes = {
				LastSwiftUpdateCheck = 1240;
				LastUpgradeCheck = 1240;
				TargetAttributes = {
					4701C216277D79290043E882 = {
						CreatedOnToolsVersion = 12.4;
					};
					4701C22F277D792A0043E882 = {
						CreatedOnToolsVersion = 12.4;
						TestTargetID = 4701C216277D79290043E882;
					};
					4701C23A277D792A0043E882 = {
						CreatedOnToolsVersion = 12.4;
						TestTargetID = 4701C216277D79290043E882;
					};
				};
			};
			buildConfigurationList = 4701C212277D79290043E882 /* Build configuration list for PBXProject "MyMemory" */;
			compatibilityVersion = "Xcode 9.3";
			developmentRegion = en;
			hasScannedForEncodings = 0;
			knownRegions = (
				en,
				Base,
			);
			mainGroup = 4701C20E277D79290043E882;
			productRefGroup = 4701C218277D79290043E882 /* Products */;
			projectDirPath = "";
			projectRoot = "";
			targets = (
				4701C216277D79290043E882 /* MyMemory */,
				4701C22F277D792A0043E882 /* MyMemoryTests */,
				4701C23A277D792A0043E882 /* MyMemoryUITests */,
			);
		};
/* End PBXProject section */

/* Begin PBXResourcesBuildPhase section */
		4701C215277D79290043E882 /* Resources */ = {
			isa = PBXResourcesBuildPhase;
			buildActionMask = 2147483647;
			files = (
				4701C22A277D792A0043E882 /* LaunchScreen.storyboard in Resources */,
				4701C227277D792A0043E882 /* Assets.xcassets in Resources */,
				4701C222277D79290043E882 /* Main.storyboard in Resources */,
			);
			runOnlyForDeploymentPostprocessing = 0;
		};
		4701C22E277D792A0043E882 /* Resources */ = {
			isa = PBXResourcesBuildPhase;
			buildActionMask = 2147483647;
			files = (
			);
			runOnlyForDeploymentPostprocessing = 0;
		};
		4701C239277D792A0043E882 /* Resources */ = {
			isa = PBXResourcesBuildPhase;
			buildActionMask = 2147483647;
			files = (
			);
			runOnlyForDeploymentPostprocessing = 0;
		};
/* End PBXResourcesBuildPhase section */

/* Begin PBXSourcesBuildPhase section */
		4701C213277D79290043E882 /* Sources */ = {
			isa = PBXSourcesBuildPhase;
			buildActionMask = 2147483647;
			files = (
				4701C225277D79290043E882 /* MyMemory.xcdatamodeld in Sources */,
				47EA0BDC27832B63002EC6AB /* MemoData.swift in Sources */,
				47EA0BD427832A55002EC6AB /* MemoCell.swift in Sources */,
				47EA0BAC2782F07C002EC6AB /* MemoReadVC.swift in Sources */,
				47EA0BBC2782F120002EC6AB /* MemoFormVC.swift in Sources */,
				4701C21B277D79290043E882 /* AppDelegate.swift in Sources */,
				47EA0BB12782F0D1002EC6AB /* MemoListVC.swift in Sources */,
				4701C21D277D79290043E882 /* SceneDelegate.swift in Sources */,
			);
			runOnlyForDeploymentPostprocessing = 0;
		};
		4701C22C277D792A0043E882 /* Sources */ = {
			isa = PBXSourcesBuildPhase;
			buildActionMask = 2147483647;
			files = (
				4701C235277D792A0043E882 /* MyMemoryTests.swift in Sources */,
			);
			runOnlyForDeploymentPostprocessing = 0;
		};
		4701C237277D792A0043E882 /* Sources */ = {
			isa = PBXSourcesBuildPhase;
			buildActionMask = 2147483647;
			files = (
				4701C240277D792A0043E882 /* MyMemoryUITests.swift in Sources */,
			);
			runOnlyForDeploymentPostprocessing = 0;
		};
/* End PBXSourcesBuildPhase section */

/* Begin PBXTargetDependency section */
		4701C232277D792A0043E882 /* PBXTargetDependency */ = {
			isa = PBXTargetDependency;
			target = 4701C216277D79290043E882 /* MyMemory */;
			targetProxy = 4701C231277D792A0043E882 /* PBXContainerItemProxy */;
		};
		4701C23D277D792A0043E882 /* PBXTargetDependency */ = {
			isa = PBXTargetDependency;
			target = 4701C216277D79290043E882 /* MyMemory */;
			targetProxy = 4701C23C277D792A0043E882 /* PBXContainerItemProxy */;
		};
/* End PBXTargetDependency section */

/* Begin PBXVariantGroup section */
		4701C220277D79290043E882 /* Main.storyboard */ = {
			isa = PBXVariantGroup;
			children = (
				4701C221277D79290043E882 /* Base */,
			);
			name = Main.storyboard;
			sourceTree = "<group>";
		};
		4701C228277D792A0043E882 /* LaunchScreen.storyboard */ = {
			isa = PBXVariantGroup;
			children = (
				4701C229277D792A0043E882 /* Base */,
			);
			name = LaunchScreen.storyboard;
			sourceTree = "<group>";
		};
/* End PBXVariantGroup section */

/* Begin XCBuildConfiguration section */
		4701C242277D792A0043E882 /* Debug */ = {
			isa = XCBuildConfiguration;
			buildSettings = {
				ALWAYS_SEARCH_USER_PATHS = NO;
				CLANG_ANALYZER_NONNULL = YES;
				CLANG_ANALYZER_NUMBER_OBJECT_CONVERSION = YES_AGGRESSIVE;
				CLANG_CXX_LANGUAGE_STANDARD = "gnu++14";
				CLANG_CXX_LIBRARY = "libc++";
				CLANG_ENABLE_MODULES = YES;
				CLANG_ENABLE_OBJC_ARC = YES;
				CLANG_ENABLE_OBJC_WEAK = YES;
				CLANG_WARN_BLOCK_CAPTURE_AUTORELEASING = YES;
				CLANG_WARN_BOOL_CONVERSION = YES;
				CLANG_WARN_COMMA = YES;
				CLANG_WARN_CONSTANT_CONVERSION = YES;
				CLANG_WARN_DEPRECATED_OBJC_IMPLEMENTATIONS = YES;
				CLANG_WARN_DIRECT_OBJC_ISA_USAGE = YES_ERROR;
				CLANG_WARN_DOCUMENTATION_COMMENTS = YES;
				CLANG_WARN_EMPTY_BODY = YES;
				CLANG_WARN_ENUM_CONVERSION = YES;
				CLANG_WARN_INFINITE_RECURSION = YES;
				CLANG_WARN_INT_CONVERSION = YES;
				CLANG_WARN_NON_LITERAL_NULL_CONVERSION = YES;
				CLANG_WARN_OBJC_IMPLICIT_RETAIN_SELF = YES;
				CLANG_WARN_OBJC_LITERAL_CONVERSION = YES;
				CLANG_WARN_OBJC_ROOT_CLASS = YES_ERROR;
				CLANG_WARN_QUOTED_INCLUDE_IN_FRAMEWORK_HEADER = YES;
				CLANG_WARN_RANGE_LOOP_ANALYSIS = YES;
				CLANG_WARN_STRICT_PROTOTYPES = YES;
				CLANG_WARN_SUSPICIOUS_MOVE = YES;
				CLANG_WARN_UNGUARDED_AVAILABILITY = YES_AGGRESSIVE;
				CLANG_WARN_UNREACHABLE_CODE = YES;
				CLANG_WARN__DUPLICATE_METHOD_MATCH = YES;
				COPY_PHASE_STRIP = NO;
				DEBUG_INFORMATION_FORMAT = dwarf;
				ENABLE_STRICT_OBJC_MSGSEND = YES;
				ENABLE_TESTABILITY = YES;
				GCC_C_LANGUAGE_STANDARD = gnu11;
				GCC_DYNAMIC_NO_PIC = NO;
				GCC_NO_COMMON_BLOCKS = YES;
				GCC_OPTIMIZATION_LEVEL = 0;
				GCC_PREPROCESSOR_DEFINITIONS = (
					"DEBUG=1",
					"$(inherited)",
				);
				GCC_WARN_64_TO_32_BIT_CONVERSION = YES;
				GCC_WARN_ABOUT_RETURN_TYPE = YES_ERROR;
				GCC_WARN_UNDECLARED_SELECTOR = YES;
				GCC_WARN_UNINITIALIZED_AUTOS = YES_AGGRESSIVE;
				GCC_WARN_UNUSED_FUNCTION = YES;
				GCC_WARN_UNUSED_VARIABLE = YES;
				IPHONEOS_DEPLOYMENT_TARGET = 14.4;
				MTL_ENABLE_DEBUG_INFO = INCLUDE_SOURCE;
				MTL_FAST_MATH = YES;
				ONLY_ACTIVE_ARCH = YES;
				SDKROOT = iphoneos;
				SWIFT_ACTIVE_COMPILATION_CONDITIONS = DEBUG;
				SWIFT_OPTIMIZATION_LEVEL = "-Onone";
			};
			name = Debug;
		};
		4701C243277D792A0043E882 /* Release */ = {
			isa = XCBuildConfiguration;
			buildSettings = {
				ALWAYS_SEARCH_USER_PATHS = NO;
				CLANG_ANALYZER_NONNULL = YES;
				CLANG_ANALYZER_NUMBER_OBJECT_CONVERSION = YES_AGGRESSIVE;
				CLANG_CXX_LANGUAGE_STANDARD = "gnu++14";
				CLANG_CXX_LIBRARY = "libc++";
				CLANG_ENABLE_MODULES = YES;
				CLANG_ENABLE_OBJC_ARC = YES;
				CLANG_ENABLE_OBJC_WEAK = YES;
				CLANG_WARN_BLOCK_CAPTURE_AUTORELEASING = YES;
				CLANG_WARN_BOOL_CONVERSION = YES;
				CLANG_WARN_COMMA = YES;
				CLANG_WARN_CONSTANT_CONVERSION = YES;
				CLANG_WARN_DEPRECATED_OBJC_IMPLEMENTATIONS = YES;
				CLANG_WARN_DIRECT_OBJC_ISA_USAGE = YES_ERROR;
				CLANG_WARN_DOCUMENTATION_COMMENTS = YES;
				CLANG_WARN_EMPTY_BODY = YES;
				CLANG_WARN_ENUM_CONVERSION = YES;
				CLANG_WARN_INFINITE_RECURSION = YES;
				CLANG_WARN_INT_CONVERSION = YES;
				CLANG_WARN_NON_LITERAL_NULL_CONVERSION = YES;
				CLANG_WARN_OBJC_IMPLICIT_RETAIN_SELF = YES;
				CLANG_WARN_OBJC_LITERAL_CONVERSION = YES;
				CLANG_WARN_OBJC_ROOT_CLASS = YES_ERROR;
				CLANG_WARN_QUOTED_INCLUDE_IN_FRAMEWORK_HEADER = YES;
				CLANG_WARN_RANGE_LOOP_ANALYSIS = YES;
				CLANG_WARN_STRICT_PROTOTYPES = YES;
				CLANG_WARN_SUSPICIOUS_MOVE = YES;
				CLANG_WARN_UNGUARDED_AVAILABILITY = YES_AGGRESSIVE;
				CLANG_WARN_UNREACHABLE_CODE = YES;
				CLANG_WARN__DUPLICATE_METHOD_MATCH = YES;
				COPY_PHASE_STRIP = NO;
				DEBUG_INFORMATION_FORMAT = "dwarf-with-dsym";
				ENABLE_NS_ASSERTIONS = NO;
				ENABLE_STRICT_OBJC_MSGSEND = YES;
				GCC_C_LANGUAGE_STANDARD = gnu11;
				GCC_NO_COMMON_BLOCKS = YES;
				GCC_WARN_64_TO_32_BIT_CONVERSION = YES;
				GCC_WARN_ABOUT_RETURN_TYPE = YES_ERROR;
				GCC_WARN_UNDECLARED_SELECTOR = YES;
				GCC_WARN_UNINITIALIZED_AUTOS = YES_AGGRESSIVE;
				GCC_WARN_UNUSED_FUNCTION = YES;
				GCC_WARN_UNUSED_VARIABLE = YES;
				IPHONEOS_DEPLOYMENT_TARGET = 14.4;
				MTL_ENABLE_DEBUG_INFO = NO;
				MTL_FAST_MATH = YES;
				SDKROOT = iphoneos;
				SWIFT_COMPILATION_MODE = wholemodule;
				SWIFT_OPTIMIZATION_LEVEL = "-O";
				VALIDATE_PRODUCT = YES;
			};
			name = Release;
		};
		4701C245277D792A0043E882 /* Debug */ = {
			isa = XCBuildConfiguration;
			buildSettings = {
				ASSETCATALOG_COMPILER_APPICON_NAME = AppIcon;
				ASSETCATALOG_COMPILER_GLOBAL_ACCENT_COLOR_NAME = AccentColor;
				CODE_SIGN_STYLE = Automatic;
				INFOPLIST_FILE = MyMemory/Info.plist;
				LD_RUNPATH_SEARCH_PATHS = (
					"$(inherited)",
					"@executable_path/Frameworks",
				);
				PRODUCT_BUNDLE_IDENTIFIER = com.dalsum.MyMemory;
				PRODUCT_NAME = "$(TARGET_NAME)";
				SWIFT_VERSION = 5.0;
				TARGETED_DEVICE_FAMILY = 1;
			};
			name = Debug;
		};
		4701C246277D792A0043E882 /* Release */ = {
			isa = XCBuildConfiguration;
			buildSettings = {
				ASSETCATALOG_COMPILER_APPICON_NAME = AppIcon;
				ASSETCATALOG_COMPILER_GLOBAL_ACCENT_COLOR_NAME = AccentColor;
				CODE_SIGN_STYLE = Automatic;
				INFOPLIST_FILE = MyMemory/Info.plist;
				LD_RUNPATH_SEARCH_PATHS = (
					"$(inherited)",
					"@executable_path/Frameworks",
				);
				PRODUCT_BUNDLE_IDENTIFIER = com.dalsum.MyMemory;
				PRODUCT_NAME = "$(TARGET_NAME)";
				SWIFT_VERSION = 5.0;
				TARGETED_DEVICE_FAMILY = 1;
			};
			name = Release;
		};
		4701C248277D792A0043E882 /* Debug */ = {
			isa = XCBuildConfiguration;
			buildSettings = {
				ALWAYS_EMBED_SWIFT_STANDARD_LIBRARIES = YES;
				BUNDLE_LOADER = "$(TEST_HOST)";
				CODE_SIGN_STYLE = Automatic;
				INFOPLIST_FILE = MyMemoryTests/Info.plist;
				IPHONEOS_DEPLOYMENT_TARGET = 14.4;
				LD_RUNPATH_SEARCH_PATHS = (
					"$(inherited)",
					"@executable_path/Frameworks",
					"@loader_path/Frameworks",
				);
				PRODUCT_BUNDLE_IDENTIFIER = com.dalsum.MyMemoryTests;
				PRODUCT_NAME = "$(TARGET_NAME)";
				SWIFT_VERSION = 5.0;
				TARGETED_DEVICE_FAMILY = "1,2";
				TEST_HOST = "$(BUILT_PRODUCTS_DIR)/MyMemory.app/MyMemory";
			};
			name = Debug;
		};
		4701C249277D792A0043E882 /* Release */ = {
			isa = XCBuildConfiguration;
			buildSettings = {
				ALWAYS_EMBED_SWIFT_STANDARD_LIBRARIES = YES;
				BUNDLE_LOADER = "$(TEST_HOST)";
				CODE_SIGN_STYLE = Automatic;
				INFOPLIST_FILE = MyMemoryTests/Info.plist;
				IPHONEOS_DEPLOYMENT_TARGET = 14.4;
				LD_RUNPATH_SEARCH_PATHS = (
					"$(inherited)",
					"@executable_path/Frameworks",
					"@loader_path/Frameworks",
				);
				PRODUCT_BUNDLE_IDENTIFIER = com.dalsum.MyMemoryTests;
				PRODUCT_NAME = "$(TARGET_NAME)";
				SWIFT_VERSION = 5.0;
				TARGETED_DEVICE_FAMILY = "1,2";
				TEST_HOST = "$(BUILT_PRODUCTS_DIR)/MyMemory.app/MyMemory";
			};
			name = Release;
		};
		4701C24B277D792A0043E882 /* Debug */ = {
			isa = XCBuildConfiguration;
			buildSettings = {
				ALWAYS_EMBED_SWIFT_STANDARD_LIBRARIES = YES;
				CODE_SIGN_STYLE = Automatic;
				INFOPLIST_FILE = MyMemoryUITests/Info.plist;
				LD_RUNPATH_SEARCH_PATHS = (
					"$(inherited)",
					"@executable_path/Frameworks",
					"@loader_path/Frameworks",
				);
				PRODUCT_BUNDLE_IDENTIFIER = com.dalsum.MyMemoryUITests;
				PRODUCT_NAME = "$(TARGET_NAME)";
				SWIFT_VERSION = 5.0;
				TARGETED_DEVICE_FAMILY = "1,2";
				TEST_TARGET_NAME = MyMemory;
			};
			name = Debug;
		};
		4701C24C277D792A0043E882 /* Release */ = {
			isa = XCBuildConfiguration;
			buildSettings = {
				ALWAYS_EMBED_SWIFT_STANDARD_LIBRARIES = YES;
				CODE_SIGN_STYLE = Automatic;
				INFOPLIST_FILE = MyMemoryUITests/Info.plist;
				LD_RUNPATH_SEARCH_PATHS = (
					"$(inherited)",
					"@executable_path/Frameworks",
					"@loader_path/Frameworks",
				);
				PRODUCT_BUNDLE_IDENTIFIER = com.dalsum.MyMemoryUITests;
				PRODUCT_NAME = "$(TARGET_NAME)";
				SWIFT_VERSION = 5.0;
				TARGETED_DEVICE_FAMILY = "1,2";
				TEST_TARGET_NAME = MyMemory;
			};
			name = Release;
		};
/* End XCBuildConfiguration section */

/* Begin XCConfigurationList section */
		4701C212277D79290043E882 /* Build configuration list for PBXProject "MyMemory" */ = {
			isa = XCConfigurationList;
			buildConfigurations = (
				4701C242277D792A0043E882 /* Debug */,
				4701C243277D792A0043E882 /* Release */,
			);
			defaultConfigurationIsVisible = 0;
			defaultConfigurationName = Release;
		};
		4701C244277D792A0043E882 /* Build configuration list for PBXNativeTarget "MyMemory" */ = {
			isa = XCConfigurationList;
			buildConfigurations = (
				4701C245277D792A0043E882 /* Debug */,
				4701C246277D792A0043E882 /* Release */,
			);
			defaultConfigurationIsVisible = 0;
			defaultConfigurationName = Release;
		};
		4701C247277D792A0043E882 /* Build configuration list for PBXNativeTarget "MyMemoryTests" */ = {
			isa = XCConfigurationList;
			buildConfigurations = (
				4701C248277D792A0043E882 /* Debug */,
				4701C249277D792A0043E882 /* Release */,
			);
			defaultConfigurationIsVisible = 0;
			defaultConfigurationName = Release;
		};
		4701C24A277D792A0043E882 /* Build configuration list for PBXNativeTarget "MyMemoryUITests" */ = {
			isa = XCConfigurationList;
			buildConfigurations = (
				4701C24B277D792A0043E882 /* Debug */,
				4701C24C277D792A0043E882 /* Release */,
			);
			defaultConfigurationIsVisible = 0;
			defaultConfigurationName = Release;
		};
/* End XCConfigurationList section */

/* Begin XCVersionGroup section */
		4701C223277D79290043E882 /* MyMemory.xcdatamodeld */ = {
			isa = XCVersionGroup;
			children = (
				4701C224277D79290043E882 /* MyMemory.xcdatamodel */,
			);
			currentVersion = 4701C224277D79290043E882 /* MyMemory.xcdatamodel */;
			path = MyMemory.xcdatamodeld;
			sourceTree = "<group>";
			versionGroupType = wrapper.xcdatamodel;
		};
/* End XCVersionGroup section */
	};
	rootObject = 4701C20F277D79290043E882 /* Project object */;
}
